<?xml version="1.0" encoding="utf-8"?>
<Project ToolsVersion="4.0" xmlns="http://schemas.microsoft.com/developer/msbuild/2003">
  <ItemGroup>
    <Filter Include="Framework">
      <UniqueIdentifier>{7dda4233-507b-4343-bc60-a845e3019ce6}</UniqueIdentifier>
    </Filter>
    <Filter Include="Engine">
      <UniqueIdentifier>{c837c862-21fc-432c-884b-7bb283cecb6b}</UniqueIdentifier>
    </Filter>
    <Filter Include="Net">
      <UniqueIdentifier>{dbac69c4-78e0-406b-a11a-7fd4867f28d7}</UniqueIdentifier>
    </Filter>
    <Filter Include="Main">
      <UniqueIdentifier>{207827fe-0df0-4902-a2ad-ad7b1adbd75a}</UniqueIdentifier>
    </Filter>
    <Filter Include="Console">
      <UniqueIdentifier>{99fd7174-8639-4965-9fd9-6265d5b60f75}</UniqueIdentifier>
    </Filter>
  </ItemGroup>
  <ItemGroup>
    <ClCompile Include="ServerPCH.cpp">
      <Filter>Main</Filter>
    </ClCompile>
    <ClCompile Include="Singleton.cpp">
      <Filter>Framework</Filter>
    </ClCompile>
    <ClCompile Include="LeakDetector.cpp">
      <Filter>Framework</Filter>
    </ClCompile>
    <ClCompile Include="Main.cpp">
      <Filter>Main</Filter>
    </ClCompile>
    <ClCompile Include="Server.cpp">
      <Filter>Net</Filter>
    </ClCompile>
    <ClCompile Include="Output.cpp">
      <Filter>Console</Filter>
    </ClCompile>
    <ClCompile Include="Game.cpp">
      <Filter>Engine</Filter>
    </ClCompile>
    <ClCompile Include="Msg.cpp">
      <Filter>Engine</Filter>
    </ClCompile>
    <ClCompile Include="GameFactory.cpp">
      <Filter>Engine</Filter>
    </ClCompile>
  </ItemGroup>
  <ItemGroup>
    <ClInclude Include="ServerPCH.h">
      <Filter>Main</Filter>
    </ClInclude>
    <ClInclude Include="Singleton.h">
      <Filter>Framework</Filter>
    </ClInclude>
    <ClInclude Include="resource.h" />
    <ClInclude Include="Defines.h">
      <Filter>Framework</Filter>
    </ClInclude>
    <ClInclude Include="LeakDetector.h">
      <Filter>Framework</Filter>
    </ClInclude>
    <ClInclude Include="Server.h">
      <Filter>Net</Filter>
    </ClInclude>
    <ClInclude Include="Output.h">
      <Filter>Console</Filter>
    </ClInclude>
    <ClInclude Include="Game.h">
      <Filter>Engine</Filter>
    </ClInclude>
    <ClInclude Include="Msg.h">
      <Filter>Engine</Filter>
    </ClInclude>
    <ClInclude Include="GameFactory.h">
      <Filter>Engine</Filter>
    </ClInclude>
  </ItemGroup>
  <ItemGroup>
    <ResourceCompile Include="Server.rc" />
  </ItemGroup>
</Project>